
Microsoft Visual Studio Solution File, Format Version 12.00
# Visual Studio Version 16
VisualStudioVersion = 16.0.37507.1
MinimumVisualStudioVersion = 10.0.40219.1
Project("{FAE04EC0-301F-11D3-BF4B-00C04F79EFBC}") = "Tarifa de agua potable", "Tarifa de agua potable.csproj", "{E6C7DFDF-E6CA-463E-96E3-430FAA6E794F}"
EndProject
Global
	GlobalSection(SolutionConfigurationPlatforms) = preSolution
		Debug|Any CPU = Debug|Any CPU
		Release|Any CPU = Release|Any CPU
	EndGlobalSection
	GlobalSection(ProjectConfigurationPlatforms) = postSolution
		{E6C7DFDF-E6CA-463E-96E3-430FAA6E794F}.Debug|Any CPU.ActiveCfg = Debug|Any CPU
		{E6C7DFDF-E6CA-463E-96E3-430FAA6E794F}.Debug|Any CPU.Build.0 = Debug|Any CPU
		{E6C7DFDF-E6CA-463E-96E3-430FAA6E794F}.Release|Any CPU.ActiveCfg = Release|Any CPU
		{E6C7DFDF-E6CA-463E-96E3-430FAA6E794F}.Release|Any CPU.Build.0 = Release|Any CPU
	EndGlobalSection
	GlobalSection(SolutionProperties) = preSolution
		HideSolutionNode = FALSE
	EndGlobalSection
	GlobalSection(ExtensibilityGlobals) = postSolution
		SolutionGuid = {39A4F3D4-5207-4388-A80C-0F543FF71805}
	EndGlobalSection
EndGlobal
