
Microsoft Visual Studio Solution File, Format Version 12.00
# Visual Studio Version 16
VisualStudioVersion = 16.0.37507.1
MinimumVisualStudioVersion = 10.0.40219.1
Project("{FAE04EC0-301F-11D3-BF4B-00C04F79EFBC}") = "Conversor Personalizado", "Conversor Personalizado.csproj", "{669996FD-59B0-4A94-8E2D-40F7C518750F}"
EndProject
Global
	GlobalSection(SolutionConfigurationPlatforms) = preSolution
		Debug|Any CPU = Debug|Any CPU
		Release|Any CPU = Release|Any CPU
	EndGlobalSection
	GlobalSection(ProjectConfigurationPlatforms) = postSolution
		{669996FD-59B0-4A94-8E2D-40F7C518750F}.Debug|Any CPU.ActiveCfg = Debug|Any CPU
		{669996FD-59B0-4A94-8E2D-40F7C518750F}.Debug|Any CPU.Build.0 = Debug|Any CPU
		{669996FD-59B0-4A94-8E2D-40F7C518750F}.Release|Any CPU.ActiveCfg = Release|Any CPU
		{669996FD-59B0-4A94-8E2D-40F7C518750F}.Release|Any CPU.Build.0 = Release|Any CPU
	EndGlobalSection
	GlobalSection(SolutionProperties) = preSolution
		HideSolutionNode = FALSE
	EndGlobalSection
	GlobalSection(ExtensibilityGlobals) = postSolution
		SolutionGuid = {5F2B9608-A0B2-4F77-B797-FD4FE2965180}
	EndGlobalSection
EndGlobal
