
Microsoft Visual Studio Solution File, Format Version 12.00
# Visual Studio Version 16
VisualStudioVersion = 16.0.37507.1
MinimumVisualStudioVersion = 10.0.40219.1
Project("{FAE04EC0-301F-11D3-BF4B-00C04F79EFBC}") = "Parcial 1 coversor", "Parcial 1 coversor.csproj", "{162FF38B-8271-4FA6-8B53-848025540116}"
EndProject
Global
	GlobalSection(SolutionConfigurationPlatforms) = preSolution
		Debug|Any CPU = Debug|Any CPU
		Release|Any CPU = Release|Any CPU
	EndGlobalSection
	GlobalSection(ProjectConfigurationPlatforms) = postSolution
		{162FF38B-8271-4FA6-8B53-848025540116}.Debug|Any CPU.ActiveCfg = Debug|Any CPU
		{162FF38B-8271-4FA6-8B53-848025540116}.Debug|Any CPU.Build.0 = Debug|Any CPU
		{162FF38B-8271-4FA6-8B53-848025540116}.Release|Any CPU.ActiveCfg = Release|Any CPU
		{162FF38B-8271-4FA6-8B53-848025540116}.Release|Any CPU.Build.0 = Release|Any CPU
	EndGlobalSection
	GlobalSection(SolutionProperties) = preSolution
		HideSolutionNode = FALSE
	EndGlobalSection
	GlobalSection(ExtensibilityGlobals) = postSolution
		SolutionGuid = {C9F7DC69-96B2-4D13-8C3D-5E3EB4D7F3ED}
	EndGlobalSection
EndGlobal
